// !$*UTF8*$!
{
	archiveVersion = 1;
	classes = {
	};
	objectVersion = 46;
	objects = {

/* Begin PBXBuildFile section */
		81178AAC1C84437900123C9D /* FRPVCTabCell.swift in Sources */ = {isa = PBXBuildFile; fileRef = 81178AAB1C84437900123C9D /* FRPVCTabCell.swift */; };
		81178AB01C84546800123C9D /* FRPageViewController.swift in Sources */ = {isa = PBXBuildFile; fileRef = 81178AAF1C84546800123C9D /* FRPageViewController.swift */; };
		813F39D61C4781F100002A2E /* OptionsTableVC.swift in Sources */ = {isa = PBXBuildFile; fileRef = 813F39D51C4781F100002A2E /* OptionsTableVC.swift */; };
		81498C6C1C45EBC5005F1D86 /* AppDelegate.swift in Sources */ = {isa = PBXBuildFile; fileRef = 81498C6B1C45EBC5005F1D86 /* AppDelegate.swift */; };
		81498C6E1C45EBC5005F1D86 /* ViewController.swift in Sources */ = {isa = PBXBuildFile; fileRef = 81498C6D1C45EBC5005F1D86 /* ViewController.swift */; };
		81498C711C45EBC5005F1D86 /* Main.storyboard in Resources */ = {isa = PBXBuildFile; fileRef = 81498C6F1C45EBC5005F1D86 /* Main.storyboard */; };
		81498C731C45EBC5005F1D86 /* Assets.xcassets in Resources */ = {isa = PBXBuildFile; fileRef = 81498C721C45EBC5005F1D86 /* Assets.xcassets */; };
		81498C761C45EBC5005F1D86 /* LaunchScreen.storyboard in Resources */ = {isa = PBXBuildFile; fileRef = 81498C741C45EBC5005F1D86 /* LaunchScreen.storyboard */; };
		81DD8EF21C86A91500CBB5AC /* FRAutoLayout.swift in Sources */ = {isa = PBXBuildFile; fileRef = 81DD8EED1C86A91500CBB5AC /* FRAutoLayout.swift */; };
		81DD8EF31C86A91500CBB5AC /* FRColorExt.swift in Sources */ = {isa = PBXBuildFile; fileRef = 81DD8EEE1C86A91500CBB5AC /* FRColorExt.swift */; };
		81DD8EF41C86A91500CBB5AC /* FROperators.swift in Sources */ = {isa = PBXBuildFile; fileRef = 81DD8EEF1C86A91500CBB5AC /* FROperators.swift */; };
		81DD8EF51C86A91500CBB5AC /* FRScreen.swift in Sources */ = {isa = PBXBuildFile; fileRef = 81DD8EF01C86A91500CBB5AC /* FRScreen.swift */; };
		81DD8EF61C86A91500CBB5AC /* FRView.swift in Sources */ = {isa = PBXBuildFile; fileRef = 81DD8EF11C86A91500CBB5AC /* FRView.swift */; };
/* End PBXBuildFile section */

/* Begin PBXFileReference section */
		81178AAB1C84437900123C9D /* FRPVCTabCell.swift */ = {isa = PBXFileReference; fileEncoding = 4; lastKnownFileType = sourcecode.swift; path = FRPVCTabCell.swift; sourceTree = "<group>"; };
		81178AAF1C84546800123C9D /* FRPageViewController.swift */ = {isa = PBXFileReference; fileEncoding = 4; lastKnownFileType = sourcecode.swift; path = FRPageViewController.swift; sourceTree = "<group>"; };
		813F39D51C4781F100002A2E /* OptionsTableVC.swift */ = {isa = PBXFileReference; fileEncoding = 4; lastKnownFileType = sourcecode.swift; path = OptionsTableVC.swift; sourceTree = "<group>"; };
		81498C681C45EBC5005F1D86 /* FRPageViewControllerDemo.app */ = {isa = PBXFileReference; explicitFileType = wrapper.application; includeInIndex = 0; path = FRPageViewControllerDemo.app; sourceTree = BUILT_PRODUCTS_DIR; };
		81498C6B1C45EBC5005F1D86 /* AppDelegate.swift */ = {isa = PBXFileReference; lastKnownFileType = sourcecode.swift; path = AppDelegate.swift; sourceTree = "<group>"; };
		81498C6D1C45EBC5005F1D86 /* ViewController.swift */ = {isa = PBXFileReference; lastKnownFileType = sourcecode.swift; path = ViewController.swift; sourceTree = "<group>"; };
		81498C701C45EBC5005F1D86 /* Base */ = {isa = PBXFileReference; lastKnownFileType = file.storyboard; name = Base; path = Base.lproj/Main.storyboard; sourceTree = "<group>"; };
		81498C721C45EBC5005F1D86 /* Assets.xcassets */ = {isa = PBXFileReference; lastKnownFileType = folder.assetcatalog; path = Assets.xcassets; sourceTree = "<group>"; };
		81498C751C45EBC5005F1D86 /* Base */ = {isa = PBXFileReference; lastKnownFileType = file.storyboard; name = Base; path = Base.lproj/LaunchScreen.storyboard; sourceTree = "<group>"; };
		81498C771C45EBC5005F1D86 /* Info.plist */ = {isa = PBXFileReference; lastKnownFileType = text.plist.xml; path = Info.plist; sourceTree = "<group>"; };
		81DD8EED1C86A91500CBB5AC /* FRAutoLayout.swift */ = {isa = PBXFileReference; fileEncoding = 4; lastKnownFileType = sourcecode.swift; name = FRAutoLayout.swift; path = ../../../Misc/FRAutoLayout.swift; sourceTree = "<group>"; };
		81DD8EEE1C86A91500CBB5AC /* FRColorExt.swift */ = {isa = PBXFileReference; fileEncoding = 4; lastKnownFileType = sourcecode.swift; name = FRColorExt.swift; path = ../../../Misc/FRColorExt.swift; sourceTree = "<group>"; };
		81DD8EEF1C86A91500CBB5AC /* FROperators.swift */ = {isa = PBXFileReference; fileEncoding = 4; lastKnownFileType = sourcecode.swift; name = FROperators.swift; path = ../../../Misc/FROperators.swift; sourceTree = "<group>"; };
		81DD8EF01C86A91500CBB5AC /* FRScreen.swift */ = {isa = PBXFileReference; fileEncoding = 4; lastKnownFileType = sourcecode.swift; name = FRScreen.swift; path = ../../../Misc/FRScreen.swift; sourceTree = "<group>"; };
		81DD8EF11C86A91500CBB5AC /* FRView.swift */ = {isa = PBXFileReference; fileEncoding = 4; lastKnownFileType = sourcecode.swift; name = FRView.swift; path = ../../../Misc/FRView.swift; sourceTree = "<group>"; };
/* End PBXFileReference section */

/* Begin PBXFrameworksBuildPhase section */
		81498C651C45EBC5005F1D86 /* Frameworks */ = {
			isa = PBXFrameworksBuildPhase;
			buildActionMask = 2147483647;
			files = (
			);
			runOnlyForDeploymentPostprocessing = 0;
		};
/* End PBXFrameworksBuildPhase section */

/* Begin PBXGroup section */
		81498C5F1C45EBC4005F1D86 = {
			isa = PBXGroup;
			children = (
				81498C6A1C45EBC5005F1D86 /* FRPageViewControllerDemo */,
				81498C691C45EBC5005F1D86 /* Products */,
			);
			sourceTree = "<group>";
		};
		81498C691C45EBC5005F1D86 /* Products */ = {
			isa = PBXGroup;
			children = (
				81498C681C45EBC5005F1D86 /* FRPageViewControllerDemo.app */,
			);
			name = Products;
			sourceTree = "<group>";
		};
		81498C6A1C45EBC5005F1D86 /* FRPageViewControllerDemo */ = {
			isa = PBXGroup;
			children = (
				81DD8EEC1C86A8EC00CBB5AC /* Helpers */,
				81498C6B1C45EBC5005F1D86 /* AppDelegate.swift */,
				813F39D51C4781F100002A2E /* OptionsTableVC.swift */,
				81498C6D1C45EBC5005F1D86 /* ViewController.swift */,
				81498C6F1C45EBC5005F1D86 /* Main.storyboard */,
				81498C721C45EBC5005F1D86 /* Assets.xcassets */,
				81498C741C45EBC5005F1D86 /* LaunchScreen.storyboard */,
				81498C771C45EBC5005F1D86 /* Info.plist */,
				81178AAB1C84437900123C9D /* FRPVCTabCell.swift */,
				81178AAF1C84546800123C9D /* FRPageViewController.swift */,
			);
			path = FRPageViewControllerDemo;
			sourceTree = "<group>";
		};
		81DD8EEC1C86A8EC00CBB5AC /* Helpers */ = {
			isa = PBXGroup;
			children = (
				81DD8EED1C86A91500CBB5AC /* FRAutoLayout.swift */,
				81DD8EEE1C86A91500CBB5AC /* FRColorExt.swift */,
				81DD8EEF1C86A91500CBB5AC /* FROperators.swift */,
				81DD8EF01C86A91500CBB5AC /* FRScreen.swift */,
				81DD8EF11C86A91500CBB5AC /* FRView.swift */,
			);
			name = Helpers;
			sourceTree = "<group>";
		};
/* End PBXGroup section */

/* Begin PBXNativeTarget section */
		81498C671C45EBC5005F1D86 /* FRPageViewControllerDemo */ = {
			isa = PBXNativeTarget;
			buildConfigurationList = 81498C7A1C45EBC5005F1D86 /* Build configuration list for PBXNativeTarget "FRPageViewControllerDemo" */;
			buildPhases = (
				81498C641C45EBC5005F1D86 /* Sources */,
				81498C651C45EBC5005F1D86 /* Frameworks */,
				81498C661C45EBC5005F1D86 /* Resources */,
			);
			buildRules = (
			);
			dependencies = (
			);
			name = FRPageViewControllerDemo;
			productName = FRPageViewControllerDemo;
			productReference = 81498C681C45EBC5005F1D86 /* FRPageViewControllerDemo.app */;
			productType = "com.apple.product-type.application";
		};
/* End PBXNativeTarget section */

/* Begin PBXProject section */
		81498C601C45EBC5005F1D86 /* Project object */ = {
			isa = PBXProject;
			attributes = {
				LastSwiftUpdateCheck = 0720;
				LastUpgradeCheck = 0720;
				ORGANIZATIONNAME = Yotel;
				TargetAttributes = {
					81498C671C45EBC5005F1D86 = {
						CreatedOnToolsVersion = 7.2;
					};
				};
			};
			buildConfigurationList = 81498C631C45EBC5005F1D86 /* Build configuration list for PBXProject "FRPageViewControllerDemo" */;
			compatibilityVersion = "Xcode 3.2";
			developmentRegion = English;
			hasScannedForEncodings = 0;
			knownRegions = (
				en,
				Base,
			);
			mainGroup = 81498C5F1C45EBC4005F1D86;
			productRefGroup = 81498C691C45EBC5005F1D86 /* Products */;
			projectDirPath = "";
			projectRoot = "";
			targets = (
				81498C671C45EBC5005F1D86 /* FRPageViewControllerDemo */,
			);
		};
/* End PBXProject section */

/* Begin PBXResourcesBuildPhase section */
		81498C661C45EBC5005F1D86 /* Resources */ = {
			isa = PBXResourcesBuildPhase;
			buildActionMask = 2147483647;
			files = (
				81498C761C45EBC5005F1D86 /* LaunchScreen.storyboard in Resources */,
				81498C731C45EBC5005F1D86 /* Assets.xcassets in Resources */,
				81498C711C45EBC5005F1D86 /* Main.storyboard in Resources */,
			);
			runOnlyForDeploymentPostprocessing = 0;
		};
/* End PBXResourcesBuildPhase section */

/* Begin PBXSourcesBuildPhase section */
		81498C641C45EBC5005F1D86 /* Sources */ = {
			isa = PBXSourcesBuildPhase;
			buildActionMask = 2147483647;
			files = (
				81498C6E1C45EBC5005F1D86 /* ViewController.swift in Sources */,
				81178AB01C84546800123C9D /* FRPageViewController.swift in Sources */,
				81DD8EF51C86A91500CBB5AC /* FRScreen.swift in Sources */,
				81DD8EF21C86A91500CBB5AC /* FRAutoLayout.swift in Sources */,
				81DD8EF41C86A91500CBB5AC /* FROperators.swift in Sources */,
				81DD8EF31C86A91500CBB5AC /* FRColorExt.swift in Sources */,
				813F39D61C4781F100002A2E /* OptionsTableVC.swift in Sources */,
				81498C6C1C45EBC5005F1D86 /* AppDelegate.swift in Sources */,
				81DD8EF61C86A91500CBB5AC /* FRView.swift in Sources */,
				81178AAC1C84437900123C9D /* FRPVCTabCell.swift in Sources */,
			);
			runOnlyForDeploymentPostprocessing = 0;
		};
/* End PBXSourcesBuildPhase section */

/* Begin PBXVariantGroup section */
		81498C6F1C45EBC5005F1D86 /* Main.storyboard */ = {
			isa = PBXVariantGroup;
			children = (
				81498C701C45EBC5005F1D86 /* Base */,
			);
			name = Main.storyboard;
			sourceTree = "<group>";
		};
		81498C741C45EBC5005F1D86 /* LaunchScreen.storyboard */ = {
			isa = PBXVariantGroup;
			children = (
				81498C751C45EBC5005F1D86 /* Base */,
			);
			name = LaunchScreen.storyboard;
			sourceTree = "<group>";
		};
/* End PBXVariantGroup section */

/* Begin XCBuildConfiguration section */
		81498C781C45EBC5005F1D86 /* Debug */ = {
			isa = XCBuildConfiguration;
			buildSettings = {
				ALWAYS_SEARCH_USER_PATHS = NO;
				CLANG_CXX_LANGUAGE_STANDARD = "gnu++0x";
				CLANG_CXX_LIBRARY = "libc++";
				CLANG_ENABLE_MODULES = YES;
				CLANG_ENABLE_OBJC_ARC = YES;
				CLANG_WARN_BOOL_CONVERSION = YES;
				CLANG_WARN_CONSTANT_CONVERSION = YES;
				CLANG_WARN_DIRECT_OBJC_ISA_USAGE = YES_ERROR;
				CLANG_WARN_EMPTY_BODY = YES;
				CLANG_WARN_ENUM_CONVERSION = YES;
				CLANG_WARN_INT_CONVERSION = YES;
				CLANG_WARN_OBJC_ROOT_CLASS = YES_ERROR;
				CLANG_WARN_UNREACHABLE_CODE = YES;
				CLANG_WARN__DUPLICATE_METHOD_MATCH = YES;
				"CODE_SIGN_IDENTITY[sdk=iphoneos*]" = "iPhone Developer";
				COPY_PHASE_STRIP = NO;
				DEBUG_INFORMATION_FORMAT = dwarf;
				ENABLE_STRICT_OBJC_MSGSEND = YES;
				ENABLE_TESTABILITY = YES;
				GCC_C_LANGUAGE_STANDARD = gnu99;
				GCC_DYNAMIC_NO_PIC = NO;
				GCC_NO_COMMON_BLOCKS = YES;
				GCC_OPTIMIZATION_LEVEL = 0;
				GCC_PREPROCESSOR_DEFINITIONS = (
					"DEBUG=1",
					"$(inherited)",
				);
				GCC_WARN_64_TO_32_BIT_CONVERSION = YES;
				GCC_WARN_ABOUT_RETURN_TYPE = YES_ERROR;
				GCC_WARN_UNDECLARED_SELECTOR = YES;
				GCC_WARN_UNINITIALIZED_AUTOS = YES_AGGRESSIVE;
				GCC_WARN_UNUSED_FUNCTION = YES;
				GCC_WARN_UNUSED_VARIABLE = YES;
				IPHONEOS_DEPLOYMENT_TARGET = 9.2;
				MTL_ENABLE_DEBUG_INFO = YES;
				ONLY_ACTIVE_ARCH = YES;
				SDKROOT = iphoneos;
				SWIFT_OPTIMIZATION_LEVEL = "-Onone";
				TARGETED_DEVICE_FAMILY = "1,2";
			};
			name = Debug;
		};
		81498C791C45EBC5005F1D86 /* Release */ = {
			isa = XCBuildConfiguration;
			buildSettings = {
				ALWAYS_SEARCH_USER_PATHS = NO;
				CLANG_CXX_LANGUAGE_STANDARD = "gnu++0x";
				CLANG_CXX_LIBRARY = "libc++";
				CLANG_ENABLE_MODULES = YES;
				CLANG_ENABLE_OBJC_ARC = YES;
				CLANG_WARN_BOOL_CONVERSION = YES;
				CLANG_WARN_CONSTANT_CONVERSION = YES;
				CLANG_WARN_DIRECT_OBJC_ISA_USAGE = YES_ERROR;
				CLANG_WARN_EMPTY_BODY = YES;
				CLANG_WARN_ENUM_CONVERSION = YES;
				CLANG_WARN_INT_CONVERSION = YES;
				CLANG_WARN_OBJC_ROOT_CLASS = YES_ERROR;
				CLANG_WARN_UNREACHABLE_CODE = YES;
				CLANG_WARN__DUPLICATE_METHOD_MATCH = YES;
				"CODE_SIGN_IDENTITY[sdk=iphoneos*]" = "iPhone Developer";
				COPY_PHASE_STRIP = NO;
				DEBUG_INFORMATION_FORMAT = "dwarf-with-dsym";
				ENABLE_NS_ASSERTIONS = NO;
				ENABLE_STRICT_OBJC_MSGSEND = YES;
				GCC_C_LANGUAGE_STANDARD = gnu99;
				GCC_NO_COMMON_BLOCKS = YES;
				GCC_WARN_64_TO_32_BIT_CONVERSION = YES;
				GCC_WARN_ABOUT_RETURN_TYPE = YES_ERROR;
				GCC_WARN_UNDECLARED_SELECTOR = YES;
				GCC_WARN_UNINITIALIZED_AUTOS = YES_AGGRESSIVE;
				GCC_WARN_UNUSED_FUNCTION = YES;
				GCC_WARN_UNUSED_VARIABLE = YES;
				IPHONEOS_DEPLOYMENT_TARGET = 9.2;
				MTL_ENABLE_DEBUG_INFO = NO;
				SDKROOT = iphoneos;
				TARGETED_DEVICE_FAMILY = "1,2";
				VALIDATE_PRODUCT = YES;
			};
			name = Release;
		};
		81498C7B1C45EBC5005F1D86 /* Debug */ = {
			isa = XCBuildConfiguration;
			buildSettings = {
				ASSETCATALOG_COMPILER_APPICON_NAME = AppIcon;
				INFOPLIST_FILE = FRPageViewControllerDemo/Info.plist;
				IPHONEOS_DEPLOYMENT_TARGET = 7.1;
				LD_RUNPATH_SEARCH_PATHS = "$(inherited) @executable_path/Frameworks";
				PRODUCT_BUNDLE_IDENTIFIER = hh.test.FRPageViewControllerDemo;
				PRODUCT_NAME = "$(TARGET_NAME)";
			};
			name = Debug;
		};
		81498C7C1C45EBC5005F1D86 /* Release */ = {
			isa = XCBuildConfiguration;
			buildSettings = {
				ASSETCATALOG_COMPILER_APPICON_NAME = AppIcon;
				INFOPLIST_FILE = FRPageViewControllerDemo/Info.plist;
				IPHONEOS_DEPLOYMENT_TARGET = 7.1;
				LD_RUNPATH_SEARCH_PATHS = "$(inherited) @executable_path/Frameworks";
				PRODUCT_BUNDLE_IDENTIFIER = hh.test.FRPageViewControllerDemo;
				PRODUCT_NAME = "$(TARGET_NAME)";
			};
			name = Release;
		};
/* End XCBuildConfiguration section */

/* Begin XCConfigurationList section */
		81498C631C45EBC5005F1D86 /* Build configuration list for PBXProject "FRPageViewControllerDemo" */ = {
			isa = XCConfigurationList;
			buildConfigurations = (
				81498C781C45EBC5005F1D86 /* Debug */,
				81498C791C45EBC5005F1D86 /* Release */,
			);
			defaultConfigurationIsVisible = 0;
			defaultConfigurationName = Release;
		};
		81498C7A1C45EBC5005F1D86 /* Build configuration list for PBXNativeTarget "FRPageViewControllerDemo" */ = {
			isa = XCConfigurationList;
			buildConfigurations = (
				81498C7B1C45EBC5005F1D86 /* Debug */,
				81498C7C1C45EBC5005F1D86 /* Release */,
			);
			defaultConfigurationIsVisible = 0;
			defaultConfigurationName = Release;
		};
/* End XCConfigurationList section */
	};
	rootObject = 81498C601C45EBC5005F1D86 /* Project object */;
}
